{
  "name": "songs-api",
  "lockfileVersion": 3,
  "requires": true,
  "packages": {
    "": {
      "dependencies": {
        "flask": "^0.2.10",
        "python": "^0.0.4",
        "sqlalchemy": "^10.1.1",
        "sqlite": "^5.1.1"
      }
    },
    "node_modules/flask": {
      "version": "0.2.10",
      "resolved": "https://registry.npmjs.org/flask/-/flask-0.2.10.tgz",
      "integrity": "sha512-Zy69KIuFsoX0o2W5uDHHk1GHMwRT8QT0AboPQY7b1soCfJ2pfwKxHF2AGVwJmDUjzawgOavoY/UsXnZ7fk3lVQ==",
      "license": "MIT"
    },
    "node_modules/python": {
      "version": "0.0.4",
      "resolved": "https://registry.npmjs.org/python/-/python-0.0.4.tgz",
      "integrity": "sha512-7avKA/6XxrwcGSDes8xGn7FHAUdAUQXKHtpjDulyv5/nm7TcPblmPRvXjjwx5knWHqeRiipqH/TZR2HhmJ4CGQ==",
      "engines": {
        "node": ">= 0.4.1"
      }
    },
    "node_modules/sqlalchemy": {
      "version": "10.1.1",
      "resolved": "https://registry.npmjs.org/sqlalchemy/-/sqlalchemy-10.1.1.tgz",
      "integrity": "sha512-ZpS3it4Eb+5eofOvjGvHdAtkdNTwi3x5v+GYLmG9PV28WV8dG86SgfWpOg65GSTb9KT96TDiP5LUyo2wUUaGQQ==",
      "license": "ISC"
    },
    "node_modules/sqlite": {
      "version": "5.1.1",
      "resolved": "https://registry.npmjs.org/sqlite/-/sqlite-5.1.1.tgz",
      "integrity": "sha512-oBkezXa2hnkfuJwUo44Hl9hS3er+YFtueifoajrgidvqsJRQFpc5fKoAkAor1O5ZnLoa28GBScfHXs8j0K358Q==",
      "license": "MIT"
    }
  }
}
